{
  "name": "js_examples",
  "version": "1.0.0",
  "lockfileVersion": 1,
  "requires": true,
  "dependencies": {
    "typecript": {
      "version": "0.0.1-security",
      "resolved": "https://registry.npmjs.org/typecript/-/typecript-0.0.1-security.tgz",
      "integrity": "sha512-88WUWdO0zl/cC+X44m7TJkNssn0sTwZOSAyZu7ZmY6BfGJ4idVWJGjFmd6wEjS3yhWUYrAszzNMHZMIJ7h3ycg==",
      "dev": true
    },
    "typescript": {
      "version": "4.0.2",
      "resolved": "https://registry.npmjs.org/typescript/-/typescript-4.0.2.tgz",
      "integrity": "sha512-e4ERvRV2wb+rRZ/IQeb3jm2VxBsirQLpQhdxplZ2MEzGvDkkMmPglecnNDfSUBivMjP93vRbngYYDQqQ/78bcQ==",
      "dev": true
    }
  }
}
